// !$*UTF8*$!
{
	archiveVersion = 1;
	classes = {
	};
	objectVersion = 46;
	objects = {

/* Begin PBXBuildFile section */
		A10E91E61F4D222400363749 /* TZViewController1.swift in Sources */ = {isa = PBXBuildFile; fileRef = A10E91E51F4D222400363749 /* TZViewController1.swift */; };
		A121E0591F4C310E0065C4E1 /* AppDelegate.swift in Sources */ = {isa = PBXBuildFile; fileRef = A121E0581F4C310E0065C4E1 /* AppDelegate.swift */; };
		A121E05B1F4C310E0065C4E1 /* ViewController.swift in Sources */ = {isa = PBXBuildFile; fileRef = A121E05A1F4C310E0065C4E1 /* ViewController.swift */; };
		A121E05E1F4C310E0065C4E1 /* Main.storyboard in Resources */ = {isa = PBXBuildFile; fileRef = A121E05C1F4C310E0065C4E1 /* Main.storyboard */; };
		A121E0601F4C310E0065C4E1 /* Assets.xcassets in Resources */ = {isa = PBXBuildFile; fileRef = A121E05F1F4C310E0065C4E1 /* Assets.xcassets */; };
		A121E0631F4C310E0065C4E1 /* LaunchScreen.storyboard in Resources */ = {isa = PBXBuildFile; fileRef = A121E0611F4C310E0065C4E1 /* LaunchScreen.storyboard */; };
		A121E06E1F4C310E0065C4E1 /* ZESwiftTests.swift in Sources */ = {isa = PBXBuildFile; fileRef = A121E06D1F4C310E0065C4E1 /* ZESwiftTests.swift */; };
		A121E0791F4C310E0065C4E1 /* ZESwiftUITests.swift in Sources */ = {isa = PBXBuildFile; fileRef = A121E0781F4C310E0065C4E1 /* ZESwiftUITests.swift */; };
		A121E0871F4C33D30065C4E1 /* ZETableViewCell.swift in Sources */ = {isa = PBXBuildFile; fileRef = A121E0861F4C33D30065C4E1 /* ZETableViewCell.swift */; };
		A121E08A1F4C354A0065C4E1 /* TZViewController.swift in Sources */ = {isa = PBXBuildFile; fileRef = A121E0891F4C354A0065C4E1 /* TZViewController.swift */; };
		A121E08C1F4C399E0065C4E1 /* BBViewController.swift in Sources */ = {isa = PBXBuildFile; fileRef = A121E08B1F4C399E0065C4E1 /* BBViewController.swift */; };
		A1F4496C1F57FEB600CAD3D6 /* BBViewController1.swift in Sources */ = {isa = PBXBuildFile; fileRef = A1F4496B1F57FEB600CAD3D6 /* BBViewController1.swift */; };
		A1F4496E1F5807D400CAD3D6 /* XYViewController1.swift in Sources */ = {isa = PBXBuildFile; fileRef = A1F4496D1F5807D400CAD3D6 /* XYViewController1.swift */; };
		A1F449701F58084800CAD3D6 /* XYViewController.swift in Sources */ = {isa = PBXBuildFile; fileRef = A1F4496F1F58084800CAD3D6 /* XYViewController.swift */; };
/* End PBXBuildFile section */

/* Begin PBXContainerItemProxy section */
		A121E06A1F4C310E0065C4E1 /* PBXContainerItemProxy */ = {
			isa = PBXContainerItemProxy;
			containerPortal = A121E04D1F4C310E0065C4E1 /* Project object */;
			proxyType = 1;
			remoteGlobalIDString = A121E0541F4C310E0065C4E1;
			remoteInfo = ZESwift;
		};
		A121E0751F4C310E0065C4E1 /* PBXContainerItemProxy */ = {
			isa = PBXContainerItemProxy;
			containerPortal = A121E04D1F4C310E0065C4E1 /* Project object */;
			proxyType = 1;
			remoteGlobalIDString = A121E0541F4C310E0065C4E1;
			remoteInfo = ZESwift;
		};
/* End PBXContainerItemProxy section */

/* Begin PBXFileReference section */
		A10E91E51F4D222400363749 /* TZViewController1.swift */ = {isa = PBXFileReference; fileEncoding = 4; lastKnownFileType = sourcecode.swift; path = TZViewController1.swift; sourceTree = "<group>"; };
		A121E0551F4C310E0065C4E1 /* ZESwift.app */ = {isa = PBXFileReference; explicitFileType = wrapper.application; includeInIndex = 0; path = ZESwift.app; sourceTree = BUILT_PRODUCTS_DIR; };
		A121E0581F4C310E0065C4E1 /* AppDelegate.swift */ = {isa = PBXFileReference; lastKnownFileType = sourcecode.swift; path = AppDelegate.swift; sourceTree = "<group>"; };
		A121E05A1F4C310E0065C4E1 /* ViewController.swift */ = {isa = PBXFileReference; lastKnownFileType = sourcecode.swift; path = ViewController.swift; sourceTree = "<group>"; };
		A121E05D1F4C310E0065C4E1 /* Base */ = {isa = PBXFileReference; lastKnownFileType = file.storyboard; name = Base; path = Base.lproj/Main.storyboard; sourceTree = "<group>"; };
		A121E05F1F4C310E0065C4E1 /* Assets.xcassets */ = {isa = PBXFileReference; lastKnownFileType = folder.assetcatalog; path = Assets.xcassets; sourceTree = "<group>"; };
		A121E0621F4C310E0065C4E1 /* Base */ = {isa = PBXFileReference; lastKnownFileType = file.storyboard; name = Base; path = Base.lproj/LaunchScreen.storyboard; sourceTree = "<group>"; };
		A121E0641F4C310E0065C4E1 /* Info.plist */ = {isa = PBXFileReference; lastKnownFileType = text.plist.xml; path = Info.plist; sourceTree = "<group>"; };
		A121E0691F4C310E0065C4E1 /* ZESwiftTests.xctest */ = {isa = PBXFileReference; explicitFileType = wrapper.cfbundle; includeInIndex = 0; path = ZESwiftTests.xctest; sourceTree = BUILT_PRODUCTS_DIR; };
		A121E06D1F4C310E0065C4E1 /* ZESwiftTests.swift */ = {isa = PBXFileReference; lastKnownFileType = sourcecode.swift; path = ZESwiftTests.swift; sourceTree = "<group>"; };
		A121E06F1F4C310E0065C4E1 /* Info.plist */ = {isa = PBXFileReference; lastKnownFileType = text.plist.xml; path = Info.plist; sourceTree = "<group>"; };
		A121E0741F4C310E0065C4E1 /* ZESwiftUITests.xctest */ = {isa = PBXFileReference; explicitFileType = wrapper.cfbundle; includeInIndex = 0; path = ZESwiftUITests.xctest; sourceTree = BUILT_PRODUCTS_DIR; };
		A121E0781F4C310E0065C4E1 /* ZESwiftUITests.swift */ = {isa = PBXFileReference; lastKnownFileType = sourcecode.swift; path = ZESwiftUITests.swift; sourceTree = "<group>"; };
		A121E07A1F4C310F0065C4E1 /* Info.plist */ = {isa = PBXFileReference; lastKnownFileType = text.plist.xml; path = Info.plist; sourceTree = "<group>"; };
		A121E0861F4C33D30065C4E1 /* ZETableViewCell.swift */ = {isa = PBXFileReference; fileEncoding = 4; lastKnownFileType = sourcecode.swift; path = ZETableViewCell.swift; sourceTree = "<group>"; };
		A121E0891F4C354A0065C4E1 /* TZViewController.swift */ = {isa = PBXFileReference; fileEncoding = 4; lastKnownFileType = sourcecode.swift; path = TZViewController.swift; sourceTree = "<group>"; };
		A121E08B1F4C399E0065C4E1 /* BBViewController.swift */ = {isa = PBXFileReference; fileEncoding = 4; lastKnownFileType = sourcecode.swift; path = BBViewController.swift; sourceTree = "<group>"; };
		A1F4496B1F57FEB600CAD3D6 /* BBViewController1.swift */ = {isa = PBXFileReference; fileEncoding = 4; lastKnownFileType = sourcecode.swift; path = BBViewController1.swift; sourceTree = "<group>"; };
		A1F4496D1F5807D400CAD3D6 /* XYViewController1.swift */ = {isa = PBXFileReference; fileEncoding = 4; lastKnownFileType = sourcecode.swift; path = XYViewController1.swift; sourceTree = "<group>"; };
		A1F4496F1F58084800CAD3D6 /* XYViewController.swift */ = {isa = PBXFileReference; fileEncoding = 4; lastKnownFileType = sourcecode.swift; path = XYViewController.swift; sourceTree = "<group>"; };
/* End PBXFileReference section */

/* Begin PBXFrameworksBuildPhase section */
		A121E0521F4C310E0065C4E1 /* Frameworks */ = {
			isa = PBXFrameworksBuildPhase;
			buildActionMask = 2147483647;
			files = (
			);
			runOnlyForDeploymentPostprocessing = 0;
		};
		A121E0661F4C310E0065C4E1 /* Frameworks */ = {
			isa = PBXFrameworksBuildPhase;
			buildActionMask = 2147483647;
			files = (
			);
			runOnlyForDeploymentPostprocessing = 0;
		};
		A121E0711F4C310E0065C4E1 /* Frameworks */ = {
			isa = PBXFrameworksBuildPhase;
			buildActionMask = 2147483647;
			files = (
			);
			runOnlyForDeploymentPostprocessing = 0;
		};
/* End PBXFrameworksBuildPhase section */

/* Begin PBXGroup section */
		A121E04C1F4C310E0065C4E1 = {
			isa = PBXGroup;
			children = (
				A121E0571F4C310E0065C4E1 /* ZESwift */,
				A121E06C1F4C310E0065C4E1 /* ZESwiftTests */,
				A121E0771F4C310E0065C4E1 /* ZESwiftUITests */,
				A121E0561F4C310E0065C4E1 /* Products */,
			);
			sourceTree = "<group>";
		};
		A121E0561F4C310E0065C4E1 /* Products */ = {
			isa = PBXGroup;
			children = (
				A121E0551F4C310E0065C4E1 /* ZESwift.app */,
				A121E0691F4C310E0065C4E1 /* ZESwiftTests.xctest */,
				A121E0741F4C310E0065C4E1 /* ZESwiftUITests.xctest */,
			);
			name = Products;
			sourceTree = "<group>";
		};
		A121E0571F4C310E0065C4E1 /* ZESwift */ = {
			isa = PBXGroup;
			children = (
				A121E0881F4C352B0065C4E1 /* Controller */,
				A121E0581F4C310E0065C4E1 /* AppDelegate.swift */,
				A121E05A1F4C310E0065C4E1 /* ViewController.swift */,
				A121E0861F4C33D30065C4E1 /* ZETableViewCell.swift */,
				A121E05C1F4C310E0065C4E1 /* Main.storyboard */,
				A121E05F1F4C310E0065C4E1 /* Assets.xcassets */,
				A121E0611F4C310E0065C4E1 /* LaunchScreen.storyboard */,
				A121E0641F4C310E0065C4E1 /* Info.plist */,
			);
			path = ZESwift;
			sourceTree = "<group>";
		};
		A121E06C1F4C310E0065C4E1 /* ZESwiftTests */ = {
			isa = PBXGroup;
			children = (
				A121E06D1F4C310E0065C4E1 /* ZESwiftTests.swift */,
				A121E06F1F4C310E0065C4E1 /* Info.plist */,
			);
			path = ZESwiftTests;
			sourceTree = "<group>";
		};
		A121E0771F4C310E0065C4E1 /* ZESwiftUITests */ = {
			isa = PBXGroup;
			children = (
				A121E0781F4C310E0065C4E1 /* ZESwiftUITests.swift */,
				A121E07A1F4C310F0065C4E1 /* Info.plist */,
			);
			path = ZESwiftUITests;
			sourceTree = "<group>";
		};
		A121E0881F4C352B0065C4E1 /* Controller */ = {
			isa = PBXGroup;
			children = (
				A121E0891F4C354A0065C4E1 /* TZViewController.swift */,
				A10E91E51F4D222400363749 /* TZViewController1.swift */,
				A121E08B1F4C399E0065C4E1 /* BBViewController.swift */,
				A1F4496B1F57FEB600CAD3D6 /* BBViewController1.swift */,
				A1F4496F1F58084800CAD3D6 /* XYViewController.swift */,
				A1F4496D1F5807D400CAD3D6 /* XYViewController1.swift */,
			);
			path = Controller;
			sourceTree = "<group>";
		};
/* End PBXGroup section */

/* Begin PBXNativeTarget section */
		A121E0541F4C310E0065C4E1 /* ZESwift */ = {
			isa = PBXNativeTarget;
			buildConfigurationList = A121E07D1F4C310F0065C4E1 /* Build configuration list for PBXNativeTarget "ZESwift" */;
			buildPhases = (
				A121E0511F4C310E0065C4E1 /* Sources */,
				A121E0521F4C310E0065C4E1 /* Frameworks */,
				A121E0531F4C310E0065C4E1 /* Resources */,
			);
			buildRules = (
			);
			dependencies = (
			);
			name = ZESwift;
			productName = ZESwift;
			productReference = A121E0551F4C310E0065C4E1 /* ZESwift.app */;
			productType = "com.apple.product-type.application";
		};
		A121E0681F4C310E0065C4E1 /* ZESwiftTests */ = {
			isa = PBXNativeTarget;
			buildConfigurationList = A121E0801F4C310F0065C4E1 /* Build configuration list for PBXNativeTarget "ZESwiftTests" */;
			buildPhases = (
				A121E0651F4C310E0065C4E1 /* Sources */,
				A121E0661F4C310E0065C4E1 /* Frameworks */,
				A121E0671F4C310E0065C4E1 /* Resources */,
			);
			buildRules = (
			);
			dependencies = (
				A121E06B1F4C310E0065C4E1 /* PBXTargetDependency */,
			);
			name = ZESwiftTests;
			productName = ZESwiftTests;
			productReference = A121E0691F4C310E0065C4E1 /* ZESwiftTests.xctest */;
			productType = "com.apple.product-type.bundle.unit-test";
		};
		A121E0731F4C310E0065C4E1 /* ZESwiftUITests */ = {
			isa = PBXNativeTarget;
			buildConfigurationList = A121E0831F4C310F0065C4E1 /* Build configuration list for PBXNativeTarget "ZESwiftUITests" */;
			buildPhases = (
				A121E0701F4C310E0065C4E1 /* Sources */,
				A121E0711F4C310E0065C4E1 /* Frameworks */,
				A121E0721F4C310E0065C4E1 /* Resources */,
			);
			buildRules = (
			);
			dependencies = (
				A121E0761F4C310E0065C4E1 /* PBXTargetDependency */,
			);
			name = ZESwiftUITests;
			productName = ZESwiftUITests;
			productReference = A121E0741F4C310E0065C4E1 /* ZESwiftUITests.xctest */;
			productType = "com.apple.product-type.bundle.ui-testing";
		};
/* End PBXNativeTarget section */

/* Begin PBXProject section */
		A121E04D1F4C310E0065C4E1 /* Project object */ = {
			isa = PBXProject;
			attributes = {
				LastSwiftUpdateCheck = 0830;
				LastUpgradeCheck = 0830;
				ORGANIZATIONNAME = "殷年平";
				TargetAttributes = {
					A121E0541F4C310E0065C4E1 = {
						CreatedOnToolsVersion = 8.3.3;
						ProvisioningStyle = Automatic;
					};
					A121E0681F4C310E0065C4E1 = {
						CreatedOnToolsVersion = 8.3.3;
						DevelopmentTeam = Q2GP4HVQ4C;
						ProvisioningStyle = Automatic;
						TestTargetID = A121E0541F4C310E0065C4E1;
					};
					A121E0731F4C310E0065C4E1 = {
						CreatedOnToolsVersion = 8.3.3;
						DevelopmentTeam = Q2GP4HVQ4C;
						ProvisioningStyle = Automatic;
						TestTargetID = A121E0541F4C310E0065C4E1;
					};
				};
			};
			buildConfigurationList = A121E0501F4C310E0065C4E1 /* Build configuration list for PBXProject "ZESwift" */;
			compatibilityVersion = "Xcode 3.2";
			developmentRegion = English;
			hasScannedForEncodings = 0;
			knownRegions = (
				en,
				Base,
			);
			mainGroup = A121E04C1F4C310E0065C4E1;
			productRefGroup = A121E0561F4C310E0065C4E1 /* Products */;
			projectDirPath = "";
			projectRoot = "";
			targets = (
				A121E0541F4C310E0065C4E1 /* ZESwift */,
				A121E0681F4C310E0065C4E1 /* ZESwiftTests */,
				A121E0731F4C310E0065C4E1 /* ZESwiftUITests */,
			);
		};
/* End PBXProject section */

/* Begin PBXResourcesBuildPhase section */
		A121E0531F4C310E0065C4E1 /* Resources */ = {
			isa = PBXResourcesBuildPhase;
			buildActionMask = 2147483647;
			files = (
				A121E0631F4C310E0065C4E1 /* LaunchScreen.storyboard in Resources */,
				A121E0601F4C310E0065C4E1 /* Assets.xcassets in Resources */,
				A121E05E1F4C310E0065C4E1 /* Main.storyboard in Resources */,
			);
			runOnlyForDeploymentPostprocessing = 0;
		};
		A121E0671F4C310E0065C4E1 /* Resources */ = {
			isa = PBXResourcesBuildPhase;
			buildActionMask = 2147483647;
			files = (
			);
			runOnlyForDeploymentPostprocessing = 0;
		};
		A121E0721F4C310E0065C4E1 /* Resources */ = {
			isa = PBXResourcesBuildPhase;
			buildActionMask = 2147483647;
			files = (
			);
			runOnlyForDeploymentPostprocessing = 0;
		};
/* End PBXResourcesBuildPhase section */

/* Begin PBXSourcesBuildPhase section */
		A121E0511F4C310E0065C4E1 /* Sources */ = {
			isa = PBXSourcesBuildPhase;
			buildActionMask = 2147483647;
			files = (
				A121E05B1F4C310E0065C4E1 /* ViewController.swift in Sources */,
				A1F4496E1F5807D400CAD3D6 /* XYViewController1.swift in Sources */,
				A10E91E61F4D222400363749 /* TZViewController1.swift in Sources */,
				A121E0591F4C310E0065C4E1 /* AppDelegate.swift in Sources */,
				A1F449701F58084800CAD3D6 /* XYViewController.swift in Sources */,
				A121E08A1F4C354A0065C4E1 /* TZViewController.swift in Sources */,
				A121E0871F4C33D30065C4E1 /* ZETableViewCell.swift in Sources */,
				A1F4496C1F57FEB600CAD3D6 /* BBViewController1.swift in Sources */,
				A121E08C1F4C399E0065C4E1 /* BBViewController.swift in Sources */,
			);
			runOnlyForDeploymentPostprocessing = 0;
		};
		A121E0651F4C310E0065C4E1 /* Sources */ = {
			isa = PBXSourcesBuildPhase;
			buildActionMask = 2147483647;
			files = (
				A121E06E1F4C310E0065C4E1 /* ZESwiftTests.swift in Sources */,
			);
			runOnlyForDeploymentPostprocessing = 0;
		};
		A121E0701F4C310E0065C4E1 /* Sources */ = {
			isa = PBXSourcesBuildPhase;
			buildActionMask = 2147483647;
			files = (
				A121E0791F4C310E0065C4E1 /* ZESwiftUITests.swift in Sources */,
			);
			runOnlyForDeploymentPostprocessing = 0;
		};
/* End PBXSourcesBuildPhase section */

/* Begin PBXTargetDependency section */
		A121E06B1F4C310E0065C4E1 /* PBXTargetDependency */ = {
			isa = PBXTargetDependency;
			target = A121E0541F4C310E0065C4E1 /* ZESwift */;
			targetProxy = A121E06A1F4C310E0065C4E1 /* PBXContainerItemProxy */;
		};
		A121E0761F4C310E0065C4E1 /* PBXTargetDependency */ = {
			isa = PBXTargetDependency;
			target = A121E0541F4C310E0065C4E1 /* ZESwift */;
			targetProxy = A121E0751F4C310E0065C4E1 /* PBXContainerItemProxy */;
		};
/* End PBXTargetDependency section */

/* Begin PBXVariantGroup section */
		A121E05C1F4C310E0065C4E1 /* Main.storyboard */ = {
			isa = PBXVariantGroup;
			children = (
				A121E05D1F4C310E0065C4E1 /* Base */,
			);
			name = Main.storyboard;
			sourceTree = "<group>";
		};
		A121E0611F4C310E0065C4E1 /* LaunchScreen.storyboard */ = {
			isa = PBXVariantGroup;
			children = (
				A121E0621F4C310E0065C4E1 /* Base */,
			);
			name = LaunchScreen.storyboard;
			sourceTree = "<group>";
		};
/* End PBXVariantGroup section */

/* Begin XCBuildConfiguration section */
		A121E07B1F4C310F0065C4E1 /* Debug */ = {
			isa = XCBuildConfiguration;
			buildSettings = {
				ALWAYS_SEARCH_USER_PATHS = NO;
				CLANG_ANALYZER_NONNULL = YES;
				CLANG_ANALYZER_NUMBER_OBJECT_CONVERSION = YES_AGGRESSIVE;
				CLANG_CXX_LANGUAGE_STANDARD = "gnu++0x";
				CLANG_CXX_LIBRARY = "libc++";
				CLANG_ENABLE_MODULES = YES;
				CLANG_ENABLE_OBJC_ARC = YES;
				CLANG_WARN_BOOL_CONVERSION = YES;
				CLANG_WARN_CONSTANT_CONVERSION = YES;
				CLANG_WARN_DIRECT_OBJC_ISA_USAGE = YES_ERROR;
				CLANG_WARN_DOCUMENTATION_COMMENTS = YES;
				CLANG_WARN_EMPTY_BODY = YES;
				CLANG_WARN_ENUM_CONVERSION = YES;
				CLANG_WARN_INFINITE_RECURSION = YES;
				CLANG_WARN_INT_CONVERSION = YES;
				CLANG_WARN_OBJC_ROOT_CLASS = YES_ERROR;
				CLANG_WARN_SUSPICIOUS_MOVE = YES;
				CLANG_WARN_UNREACHABLE_CODE = YES;
				CLANG_WARN__DUPLICATE_METHOD_MATCH = YES;
				"CODE_SIGN_IDENTITY[sdk=iphoneos*]" = "iPhone Developer";
				COPY_PHASE_STRIP = NO;
				DEBUG_INFORMATION_FORMAT = dwarf;
				ENABLE_STRICT_OBJC_MSGSEND = YES;
				ENABLE_TESTABILITY = YES;
				GCC_C_LANGUAGE_STANDARD = gnu99;
				GCC_DYNAMIC_NO_PIC = NO;
				GCC_NO_COMMON_BLOCKS = YES;
				GCC_OPTIMIZATION_LEVEL = 0;
				GCC_PREPROCESSOR_DEFINITIONS = (
					"DEBUG=1",
					"$(inherited)",
				);
				GCC_WARN_64_TO_32_BIT_CONVERSION = YES;
				GCC_WARN_ABOUT_RETURN_TYPE = YES_ERROR;
				GCC_WARN_UNDECLARED_SELECTOR = YES;
				GCC_WARN_UNINITIALIZED_AUTOS = YES_AGGRESSIVE;
				GCC_WARN_UNUSED_FUNCTION = YES;
				GCC_WARN_UNUSED_VARIABLE = YES;
				IPHONEOS_DEPLOYMENT_TARGET = 10.3;
				MTL_ENABLE_DEBUG_INFO = YES;
				ONLY_ACTIVE_ARCH = YES;
				SDKROOT = iphoneos;
				SWIFT_ACTIVE_COMPILATION_CONDITIONS = DEBUG;
				SWIFT_OPTIMIZATION_LEVEL = "-Onone";
			};
			name = Debug;
		};
		A121E07C1F4C310F0065C4E1 /* Release */ = {
			isa = XCBuildConfiguration;
			buildSettings = {
				ALWAYS_SEARCH_USER_PATHS = NO;
				CLANG_ANALYZER_NONNULL = YES;
				CLANG_ANALYZER_NUMBER_OBJECT_CONVERSION = YES_AGGRESSIVE;
				CLANG_CXX_LANGUAGE_STANDARD = "gnu++0x";
				CLANG_CXX_LIBRARY = "libc++";
				CLANG_ENABLE_MODULES = YES;
				CLANG_ENABLE_OBJC_ARC = YES;
				CLANG_WARN_BOOL_CONVERSION = YES;
				CLANG_WARN_CONSTANT_CONVERSION = YES;
				CLANG_WARN_DIRECT_OBJC_ISA_USAGE = YES_ERROR;
				CLANG_WARN_DOCUMENTATION_COMMENTS = YES;
				CLANG_WARN_EMPTY_BODY = YES;
				CLANG_WARN_ENUM_CONVERSION = YES;
				CLANG_WARN_INFINITE_RECURSION = YES;
				CLANG_WARN_INT_CONVERSION = YES;
				CLANG_WARN_OBJC_ROOT_CLASS = YES_ERROR;
				CLANG_WARN_SUSPICIOUS_MOVE = YES;
				CLANG_WARN_UNREACHABLE_CODE = YES;
				CLANG_WARN__DUPLICATE_METHOD_MATCH = YES;
				"CODE_SIGN_IDENTITY[sdk=iphoneos*]" = "iPhone Developer";
				COPY_PHASE_STRIP = NO;
				DEBUG_INFORMATION_FORMAT = "dwarf-with-dsym";
				ENABLE_NS_ASSERTIONS = NO;
				ENABLE_STRICT_OBJC_MSGSEND = YES;
				GCC_C_LANGUAGE_STANDARD = gnu99;
				GCC_NO_COMMON_BLOCKS = YES;
				GCC_WARN_64_TO_32_BIT_CONVERSION = YES;
				GCC_WARN_ABOUT_RETURN_TYPE = YES_ERROR;
				GCC_WARN_UNDECLARED_SELECTOR = YES;
				GCC_WARN_UNINITIALIZED_AUTOS = YES_AGGRESSIVE;
				GCC_WARN_UNUSED_FUNCTION = YES;
				GCC_WARN_UNUSED_VARIABLE = YES;
				IPHONEOS_DEPLOYMENT_TARGET = 10.3;
				MTL_ENABLE_DEBUG_INFO = NO;
				SDKROOT = iphoneos;
				SWIFT_OPTIMIZATION_LEVEL = "-Owholemodule";
				VALIDATE_PRODUCT = YES;
			};
			name = Release;
		};
		A121E07E1F4C310F0065C4E1 /* Debug */ = {
			isa = XCBuildConfiguration;
			buildSettings = {
				ASSETCATALOG_COMPILER_APPICON_NAME = AppIcon;
				DEVELOPMENT_TEAM = "";
				INFOPLIST_FILE = ZESwift/Info.plist;
				LD_RUNPATH_SEARCH_PATHS = "$(inherited) @executable_path/Frameworks";
				PRODUCT_BUNDLE_IDENTIFIER = ios.ZESwift;
				PRODUCT_NAME = "$(TARGET_NAME)";
				SWIFT_VERSION = 3.0;
			};
			name = Debug;
		};
		A121E07F1F4C310F0065C4E1 /* Release */ = {
			isa = XCBuildConfiguration;
			buildSettings = {
				ASSETCATALOG_COMPILER_APPICON_NAME = AppIcon;
				DEVELOPMENT_TEAM = "";
				INFOPLIST_FILE = ZESwift/Info.plist;
				LD_RUNPATH_SEARCH_PATHS = "$(inherited) @executable_path/Frameworks";
				PRODUCT_BUNDLE_IDENTIFIER = ios.ZESwift;
				PRODUCT_NAME = "$(TARGET_NAME)";
				SWIFT_VERSION = 3.0;
			};
			name = Release;
		};
		A121E0811F4C310F0065C4E1 /* Debug */ = {
			isa = XCBuildConfiguration;
			buildSettings = {
				ALWAYS_EMBED_SWIFT_STANDARD_LIBRARIES = YES;
				BUNDLE_LOADER = "$(TEST_HOST)";
				DEVELOPMENT_TEAM = Q2GP4HVQ4C;
				INFOPLIST_FILE = ZESwiftTests/Info.plist;
				LD_RUNPATH_SEARCH_PATHS = "$(inherited) @executable_path/Frameworks @loader_path/Frameworks";
				PRODUCT_BUNDLE_IDENTIFIER = ios.ZESwiftTests;
				PRODUCT_NAME = "$(TARGET_NAME)";
				SWIFT_VERSION = 3.0;
				TEST_HOST = "$(BUILT_PRODUCTS_DIR)/ZESwift.app/ZESwift";
			};
			name = Debug;
		};
		A121E0821F4C310F0065C4E1 /* Release */ = {
			isa = XCBuildConfiguration;
			buildSettings = {
				ALWAYS_EMBED_SWIFT_STANDARD_LIBRARIES = YES;
				BUNDLE_LOADER = "$(TEST_HOST)";
				DEVELOPMENT_TEAM = Q2GP4HVQ4C;
				INFOPLIST_FILE = ZESwiftTests/Info.plist;
				LD_RUNPATH_SEARCH_PATHS = "$(inherited) @executable_path/Frameworks @loader_path/Frameworks";
				PRODUCT_BUNDLE_IDENTIFIER = ios.ZESwiftTests;
				PRODUCT_NAME = "$(TARGET_NAME)";
				SWIFT_VERSION = 3.0;
				TEST_HOST = "$(BUILT_PRODUCTS_DIR)/ZESwift.app/ZESwift";
			};
			name = Release;
		};
		A121E0841F4C310F0065C4E1 /* Debug */ = {
			isa = XCBuildConfiguration;
			buildSettings = {
				ALWAYS_EMBED_SWIFT_STANDARD_LIBRARIES = YES;
				DEVELOPMENT_TEAM = Q2GP4HVQ4C;
				INFOPLIST_FILE = ZESwiftUITests/Info.plist;
				LD_RUNPATH_SEARCH_PATHS = "$(inherited) @executable_path/Frameworks @loader_path/Frameworks";
				PRODUCT_BUNDLE_IDENTIFIER = ios.ZESwiftUITests;
				PRODUCT_NAME = "$(TARGET_NAME)";
				SWIFT_VERSION = 3.0;
				TEST_TARGET_NAME = ZESwift;
			};
			name = Debug;
		};
		A121E0851F4C310F0065C4E1 /* Release */ = {
			isa = XCBuildConfiguration;
			buildSettings = {
				ALWAYS_EMBED_SWIFT_STANDARD_LIBRARIES = YES;
				DEVELOPMENT_TEAM = Q2GP4HVQ4C;
				INFOPLIST_FILE = ZESwiftUITests/Info.plist;
				LD_RUNPATH_SEARCH_PATHS = "$(inherited) @executable_path/Frameworks @loader_path/Frameworks";
				PRODUCT_BUNDLE_IDENTIFIER = ios.ZESwiftUITests;
				PRODUCT_NAME = "$(TARGET_NAME)";
				SWIFT_VERSION = 3.0;
				TEST_TARGET_NAME = ZESwift;
			};
			name = Release;
		};
/* End XCBuildConfiguration section */

/* Begin XCConfigurationList section */
		A121E0501F4C310E0065C4E1 /* Build configuration list for PBXProject "ZESwift" */ = {
			isa = XCConfigurationList;
			buildConfigurations = (
				A121E07B1F4C310F0065C4E1 /* Debug */,
				A121E07C1F4C310F0065C4E1 /* Release */,
			);
			defaultConfigurationIsVisible = 0;
			defaultConfigurationName = Release;
		};
		A121E07D1F4C310F0065C4E1 /* Build configuration list for PBXNativeTarget "ZESwift" */ = {
			isa = XCConfigurationList;
			buildConfigurations = (
				A121E07E1F4C310F0065C4E1 /* Debug */,
				A121E07F1F4C310F0065C4E1 /* Release */,
			);
			defaultConfigurationIsVisible = 0;
			defaultConfigurationName = Release;
		};
		A121E0801F4C310F0065C4E1 /* Build configuration list for PBXNativeTarget "ZESwiftTests" */ = {
			isa = XCConfigurationList;
			buildConfigurations = (
				A121E0811F4C310F0065C4E1 /* Debug */,
				A121E0821F4C310F0065C4E1 /* Release */,
			);
			defaultConfigurationIsVisible = 0;
			defaultConfigurationName = Release;
		};
		A121E0831F4C310F0065C4E1 /* Build configuration list for PBXNativeTarget "ZESwiftUITests" */ = {
			isa = XCConfigurationList;
			buildConfigurations = (
				A121E0841F4C310F0065C4E1 /* Debug */,
				A121E0851F4C310F0065C4E1 /* Release */,
			);
			defaultConfigurationIsVisible = 0;
			defaultConfigurationName = Release;
		};
/* End XCConfigurationList section */
	};
	rootObject = A121E04D1F4C310E0065C4E1 /* Project object */;
}
